
Microsoft Visual Studio Solution File, Format Version 12.00
# Visual Studio Version 17
VisualStudioVersion = 17.14.36310.24 d17.14
MinimumVisualStudioVersion = 10.0.40219.1
Project("{FAE04EC0-301F-11D3-BF4B-00C04F79EFBC}") = "CustomMVVMDialogs", "CustomMVVMDialogs.csproj", "{BC8F53EA-3EE0-4DD5-B2A6-AB0BFCA77891}"
EndProject
Global
	GlobalSection(SolutionConfigurationPlatforms) = preSolution
		Debug|Any CPU = Debug|Any CPU
		Release|Any CPU = Release|Any CPU
	EndGlobalSection
	GlobalSection(ProjectConfigurationPlatforms) = postSolution
		{BC8F53EA-3EE0-4DD5-B2A6-AB0BFCA77891}.Debug|Any CPU.ActiveCfg = Debug|Any CPU
		{BC8F53EA-3EE0-4DD5-B2A6-AB0BFCA77891}.Debug|Any CPU.Build.0 = Debug|Any CPU
		{BC8F53EA-3EE0-4DD5-B2A6-AB0BFCA77891}.Release|Any CPU.ActiveCfg = Release|Any CPU
		{BC8F53EA-3EE0-4DD5-B2A6-AB0BFCA77891}.Release|Any CPU.Build.0 = Release|Any CPU
	EndGlobalSection
	GlobalSection(SolutionProperties) = preSolution
		HideSolutionNode = FALSE
	EndGlobalSection
	GlobalSection(ExtensibilityGlobals) = postSolution
		SolutionGuid = {04D63228-A28E-4E78-8DD7-2BB8C9201216}
	EndGlobalSection
EndGlobal
